// !$*UTF8*$!
{
	archiveVersion = 1;
	classes = {
	};
	objectVersion = 46;
	objects = {

/* Begin PBXBuildFile section */
		A108A2661DA8930200A7F3D4 /* CalendarViewController.swift in Sources */ = {isa = PBXBuildFile; fileRef = A1D16BC31DA60B25000AE6B3 /* CalendarViewController.swift */; };
		A108A2671DA8930600A7F3D4 /* CalendarViewController.xib in Resources */ = {isa = PBXBuildFile; fileRef = A1D16BC41DA60B25000AE6B3 /* CalendarViewController.xib */; };
		A18A001F1DA8ADA800933337 /* CalendarDayCell.xib in Resources */ = {isa = PBXBuildFile; fileRef = A18A001E1DA8ADA800933337 /* CalendarDayCell.xib */; };
		A18A00211DA8AE2000933337 /* CalendarDayCell.swift in Sources */ = {isa = PBXBuildFile; fileRef = A18A00201DA8AE2000933337 /* CalendarDayCell.swift */; };
		A1FF3B551DA5E0B20013B428 /* Assets.xcassets in Resources */ = {isa = PBXBuildFile; fileRef = A1FF3B541DA5E0B20013B428 /* Assets.xcassets */; };
		A1FF3B5C1DA5E0B20013B428 /* MessagesExtension.appex in Embed App Extensions */ = {isa = PBXBuildFile; fileRef = A1FF3B5B1DA5E0B20013B428 /* MessagesExtension.appex */; settings = {ATTRIBUTES = (RemoveHeadersOnCopy, ); }; };
		A1FF3B611DA5E0B20013B428 /* Messages.framework in Frameworks */ = {isa = PBXBuildFile; fileRef = A1FF3B601DA5E0B20013B428 /* Messages.framework */; };
		A1FF3B641DA5E0B20013B428 /* MessagesViewController.swift in Sources */ = {isa = PBXBuildFile; fileRef = A1FF3B631DA5E0B20013B428 /* MessagesViewController.swift */; };
		A1FF3B671DA5E0B20013B428 /* MainInterface.storyboard in Resources */ = {isa = PBXBuildFile; fileRef = A1FF3B651DA5E0B20013B428 /* MainInterface.storyboard */; };
		A1FF3B691DA5E0B20013B428 /* Assets.xcassets in Resources */ = {isa = PBXBuildFile; fileRef = A1FF3B681DA5E0B20013B428 /* Assets.xcassets */; };
/* End PBXBuildFile section */

/* Begin PBXContainerItemProxy section */
		A1FF3B5D1DA5E0B20013B428 /* PBXContainerItemProxy */ = {
			isa = PBXContainerItemProxy;
			containerPortal = A1FF3B4B1DA5E0B20013B428 /* Project object */;
			proxyType = 1;
			remoteGlobalIDString = A1FF3B5A1DA5E0B20013B428;
			remoteInfo = MessagesExtension;
		};
/* End PBXContainerItemProxy section */

/* Begin PBXCopyFilesBuildPhase section */
		A1FF3B701DA5E0B20013B428 /* Embed App Extensions */ = {
			isa = PBXCopyFilesBuildPhase;
			buildActionMask = 2147483647;
			dstPath = "";
			dstSubfolderSpec = 13;
			files = (
				A1FF3B5C1DA5E0B20013B428 /* MessagesExtension.appex in Embed App Extensions */,
			);
			name = "Embed App Extensions";
			runOnlyForDeploymentPostprocessing = 0;
		};
/* End PBXCopyFilesBuildPhase section */

/* Begin PBXFileReference section */
		13CD11FD2FE492B21E4B4C44 /* Pods-PlanIt.release.xcconfig */ = {isa = PBXFileReference; includeInIndex = 1; lastKnownFileType = text.xcconfig; name = "Pods-PlanIt.release.xcconfig"; path = "Pods/Target Support Files/Pods-PlanIt/Pods-PlanIt.release.xcconfig"; sourceTree = "<group>"; };
		8278480FCB25AD365EDFB370 /* Pods-MessagesExtension.debug.xcconfig */ = {isa = PBXFileReference; includeInIndex = 1; lastKnownFileType = text.xcconfig; name = "Pods-MessagesExtension.debug.xcconfig"; path = "Pods/Target Support Files/Pods-MessagesExtension/Pods-MessagesExtension.debug.xcconfig"; sourceTree = "<group>"; };
		A18A001E1DA8ADA800933337 /* CalendarDayCell.xib */ = {isa = PBXFileReference; fileEncoding = 4; lastKnownFileType = file.xib; path = CalendarDayCell.xib; sourceTree = "<group>"; };
		A18A00201DA8AE2000933337 /* CalendarDayCell.swift */ = {isa = PBXFileReference; fileEncoding = 4; lastKnownFileType = sourcecode.swift; path = CalendarDayCell.swift; sourceTree = "<group>"; };
		A1D16BC31DA60B25000AE6B3 /* CalendarViewController.swift */ = {isa = PBXFileReference; fileEncoding = 4; lastKnownFileType = sourcecode.swift; path = CalendarViewController.swift; sourceTree = "<group>"; };
		A1D16BC41DA60B25000AE6B3 /* CalendarViewController.xib */ = {isa = PBXFileReference; fileEncoding = 4; lastKnownFileType = file.xib; path = CalendarViewController.xib; sourceTree = "<group>"; };
		A1FF3B511DA5E0B20013B428 /* PlanIt.app */ = {isa = PBXFileReference; explicitFileType = wrapper.application; includeInIndex = 0; path = PlanIt.app; sourceTree = BUILT_PRODUCTS_DIR; };
		A1FF3B541DA5E0B20013B428 /* Assets.xcassets */ = {isa = PBXFileReference; lastKnownFileType = folder.assetcatalog; path = Assets.xcassets; sourceTree = "<group>"; };
		A1FF3B561DA5E0B20013B428 /* Info.plist */ = {isa = PBXFileReference; lastKnownFileType = text.plist.xml; path = Info.plist; sourceTree = "<group>"; };
		A1FF3B5B1DA5E0B20013B428 /* MessagesExtension.appex */ = {isa = PBXFileReference; explicitFileType = "wrapper.app-extension"; includeInIndex = 0; path = MessagesExtension.appex; sourceTree = BUILT_PRODUCTS_DIR; };
		A1FF3B601DA5E0B20013B428 /* Messages.framework */ = {isa = PBXFileReference; lastKnownFileType = wrapper.framework; name = Messages.framework; path = System/Library/Frameworks/Messages.framework; sourceTree = SDKROOT; };
		A1FF3B631DA5E0B20013B428 /* MessagesViewController.swift */ = {isa = PBXFileReference; lastKnownFileType = sourcecode.swift; path = MessagesViewController.swift; sourceTree = "<group>"; };
		A1FF3B661DA5E0B20013B428 /* Base */ = {isa = PBXFileReference; lastKnownFileType = file.storyboard; name = Base; path = Base.lproj/MainInterface.storyboard; sourceTree = "<group>"; };
		A1FF3B681DA5E0B20013B428 /* Assets.xcassets */ = {isa = PBXFileReference; lastKnownFileType = folder.assetcatalog; path = Assets.xcassets; sourceTree = "<group>"; };
		A1FF3B6A1DA5E0B20013B428 /* Info.plist */ = {isa = PBXFileReference; lastKnownFileType = text.plist.xml; path = Info.plist; sourceTree = "<group>"; };
		CDD6A5967D9F9E8A5E7D2DA6 /* Pods-MessagesExtension.release.xcconfig */ = {isa = PBXFileReference; includeInIndex = 1; lastKnownFileType = text.xcconfig; name = "Pods-MessagesExtension.release.xcconfig"; path = "Pods/Target Support Files/Pods-MessagesExtension/Pods-MessagesExtension.release.xcconfig"; sourceTree = "<group>"; };
		E82AF141C85181CFDF03474B /* Pods-PlanIt.debug.xcconfig */ = {isa = PBXFileReference; includeInIndex = 1; lastKnownFileType = text.xcconfig; name = "Pods-PlanIt.debug.xcconfig"; path = "Pods/Target Support Files/Pods-PlanIt/Pods-PlanIt.debug.xcconfig"; sourceTree = "<group>"; };
/* End PBXFileReference section */

/* Begin PBXFrameworksBuildPhase section */
		34B726DE34F04546FE08926F /* Frameworks */ = {
			isa = PBXFrameworksBuildPhase;
			buildActionMask = 2147483647;
			files = (
			);
			runOnlyForDeploymentPostprocessing = 0;
		};
		A1FF3B581DA5E0B20013B428 /* Frameworks */ = {
			isa = PBXFrameworksBuildPhase;
			buildActionMask = 2147483647;
			files = (
				A1FF3B611DA5E0B20013B428 /* Messages.framework in Frameworks */,
			);
			runOnlyForDeploymentPostprocessing = 0;
		};
/* End PBXFrameworksBuildPhase section */

/* Begin PBXGroup section */
		2C2EDA9147E7289523B41A76 /* Pods */ = {
			isa = PBXGroup;
			children = (
				E82AF141C85181CFDF03474B /* Pods-PlanIt.debug.xcconfig */,
				13CD11FD2FE492B21E4B4C44 /* Pods-PlanIt.release.xcconfig */,
				8278480FCB25AD365EDFB370 /* Pods-MessagesExtension.debug.xcconfig */,
				CDD6A5967D9F9E8A5E7D2DA6 /* Pods-MessagesExtension.release.xcconfig */,
			);
			name = Pods;
			sourceTree = "<group>";
		};
		A158C74E1DA5FA0C00E1694C /* Calendar */ = {
			isa = PBXGroup;
			children = (
				A1D16BC31DA60B25000AE6B3 /* CalendarViewController.swift */,
				A1D16BC41DA60B25000AE6B3 /* CalendarViewController.xib */,
				A18A001E1DA8ADA800933337 /* CalendarDayCell.xib */,
				A18A00201DA8AE2000933337 /* CalendarDayCell.swift */,
			);
			name = Calendar;
			sourceTree = "<group>";
		};
		A1FF3B4A1DA5E0B20013B428 = {
			isa = PBXGroup;
			children = (
				A1FF3B531DA5E0B20013B428 /* PlanIt */,
				A1FF3B621DA5E0B20013B428 /* MessagesExtension */,
				A1FF3B5F1DA5E0B20013B428 /* Frameworks */,
				A1FF3B521DA5E0B20013B428 /* Products */,
				2C2EDA9147E7289523B41A76 /* Pods */,
			);
			sourceTree = "<group>";
		};
		A1FF3B521DA5E0B20013B428 /* Products */ = {
			isa = PBXGroup;
			children = (
				A1FF3B511DA5E0B20013B428 /* PlanIt.app */,
				A1FF3B5B1DA5E0B20013B428 /* MessagesExtension.appex */,
			);
			name = Products;
			sourceTree = "<group>";
		};
		A1FF3B531DA5E0B20013B428 /* PlanIt */ = {
			isa = PBXGroup;
			children = (
				A158C74E1DA5FA0C00E1694C /* Calendar */,
				A1FF3B541DA5E0B20013B428 /* Assets.xcassets */,
				A1FF3B561DA5E0B20013B428 /* Info.plist */,
			);
			path = PlanIt;
			sourceTree = "<group>";
		};
		A1FF3B5F1DA5E0B20013B428 /* Frameworks */ = {
			isa = PBXGroup;
			children = (
				A1FF3B601DA5E0B20013B428 /* Messages.framework */,
			);
			name = Frameworks;
			sourceTree = "<group>";
		};
		A1FF3B621DA5E0B20013B428 /* MessagesExtension */ = {
			isa = PBXGroup;
			children = (
				A1FF3B631DA5E0B20013B428 /* MessagesViewController.swift */,
				A1FF3B651DA5E0B20013B428 /* MainInterface.storyboard */,
				A1FF3B681DA5E0B20013B428 /* Assets.xcassets */,
				A1FF3B6A1DA5E0B20013B428 /* Info.plist */,
			);
			path = MessagesExtension;
			sourceTree = "<group>";
		};
/* End PBXGroup section */

/* Begin PBXNativeTarget section */
		A1FF3B501DA5E0B20013B428 /* PlanIt */ = {
			isa = PBXNativeTarget;
			buildConfigurationList = A1FF3B711DA5E0B20013B428 /* Build configuration list for PBXNativeTarget "PlanIt" */;
			buildPhases = (
				CF30F99A1876A15A32FDF8C2 /* [CP] Check Pods Manifest.lock */,
				A1FF3B4F1DA5E0B20013B428 /* Resources */,
				A1FF3B701DA5E0B20013B428 /* Embed App Extensions */,
				34B726DE34F04546FE08926F /* Frameworks */,
				C92315A9111A224DDA4FA749 /* [CP] Copy Pods Resources */,
			);
			buildRules = (
			);
			dependencies = (
				A1FF3B5E1DA5E0B20013B428 /* PBXTargetDependency */,
			);
			name = PlanIt;
			productName = PlanIt;
			productReference = A1FF3B511DA5E0B20013B428 /* PlanIt.app */;
			productType = "com.apple.product-type.application.messages";
		};
		A1FF3B5A1DA5E0B20013B428 /* MessagesExtension */ = {
			isa = PBXNativeTarget;
			buildConfigurationList = A1FF3B6D1DA5E0B20013B428 /* Build configuration list for PBXNativeTarget "MessagesExtension" */;
			buildPhases = (
				3662B1BC8A898C7B34415791 /* [CP] Check Pods Manifest.lock */,
				A1FF3B571DA5E0B20013B428 /* Sources */,
				A1FF3B581DA5E0B20013B428 /* Frameworks */,
				A1FF3B591DA5E0B20013B428 /* Resources */,
				445815F4CB1EA9C8960F25C6 /* [CP] Embed Pods Frameworks */,
				60F0F4092A2B8F4B9922BC2F /* [CP] Copy Pods Resources */,
			);
			buildRules = (
			);
			dependencies = (
			);
			name = MessagesExtension;
			productName = MessagesExtension;
			productReference = A1FF3B5B1DA5E0B20013B428 /* MessagesExtension.appex */;
			productType = "com.apple.product-type.app-extension.messages";
		};
/* End PBXNativeTarget section */

/* Begin PBXProject section */
		A1FF3B4B1DA5E0B20013B428 /* Project object */ = {
			isa = PBXProject;
			attributes = {
				LastSwiftUpdateCheck = 0800;
				LastUpgradeCheck = 0800;
				ORGANIZATIONNAME = "OneTwo Productions";
				TargetAttributes = {
					A1FF3B501DA5E0B20013B428 = {
						CreatedOnToolsVersion = 8.0;
						LastSwiftMigration = 0800;
						ProvisioningStyle = Automatic;
					};
					A1FF3B5A1DA5E0B20013B428 = {
						CreatedOnToolsVersion = 8.0;
						ProvisioningStyle = Automatic;
					};
				};
			};
			buildConfigurationList = A1FF3B4E1DA5E0B20013B428 /* Build configuration list for PBXProject "PlanIt" */;
			compatibilityVersion = "Xcode 3.2";
			developmentRegion = English;
			hasScannedForEncodings = 0;
			knownRegions = (
				en,
				Base,
			);
			mainGroup = A1FF3B4A1DA5E0B20013B428;
			productRefGroup = A1FF3B521DA5E0B20013B428 /* Products */;
			projectDirPath = "";
			projectRoot = "";
			targets = (
				A1FF3B501DA5E0B20013B428 /* PlanIt */,
				A1FF3B5A1DA5E0B20013B428 /* MessagesExtension */,
			);
		};
/* End PBXProject section */

/* Begin PBXResourcesBuildPhase section */
		A1FF3B4F1DA5E0B20013B428 /* Resources */ = {
			isa = PBXResourcesBuildPhase;
			buildActionMask = 2147483647;
			files = (
				A1FF3B551DA5E0B20013B428 /* Assets.xcassets in Resources */,
			);
			runOnlyForDeploymentPostprocessing = 0;
		};
		A1FF3B591DA5E0B20013B428 /* Resources */ = {
			isa = PBXResourcesBuildPhase;
			buildActionMask = 2147483647;
			files = (
				A18A001F1DA8ADA800933337 /* CalendarDayCell.xib in Resources */,
				A1FF3B691DA5E0B20013B428 /* Assets.xcassets in Resources */,
				A1FF3B671DA5E0B20013B428 /* MainInterface.storyboard in Resources */,
				A108A2671DA8930600A7F3D4 /* CalendarViewController.xib in Resources */,
			);
			runOnlyForDeploymentPostprocessing = 0;
		};
/* End PBXResourcesBuildPhase section */

/* Begin PBXShellScriptBuildPhase section */
		3662B1BC8A898C7B34415791 /* [CP] Check Pods Manifest.lock */ = {
			isa = PBXShellScriptBuildPhase;
			buildActionMask = 2147483647;
			files = (
			);
			inputPaths = (
			);
			name = "[CP] Check Pods Manifest.lock";
			outputPaths = (
			);
			runOnlyForDeploymentPostprocessing = 0;
			shellPath = /bin/sh;
			shellScript = "diff \"${PODS_ROOT}/../Podfile.lock\" \"${PODS_ROOT}/Manifest.lock\" > /dev/null\nif [ $? != 0 ] ; then\n    # print error to STDERR\n    echo \"error: The sandbox is not in sync with the Podfile.lock. Run 'pod install' or update your CocoaPods installation.\" >&2\n    exit 1\nfi\n";
			showEnvVarsInLog = 0;
		};
		445815F4CB1EA9C8960F25C6 /* [CP] Embed Pods Frameworks */ = {
			isa = PBXShellScriptBuildPhase;
			buildActionMask = 2147483647;
			files = (
			);
			inputPaths = (
			);
			name = "[CP] Embed Pods Frameworks";
			outputPaths = (
			);
			runOnlyForDeploymentPostprocessing = 0;
			shellPath = /bin/sh;
			shellScript = "\"${SRCROOT}/Pods/Target Support Files/Pods-MessagesExtension/Pods-MessagesExtension-frameworks.sh\"\n";
			showEnvVarsInLog = 0;
		};
		60F0F4092A2B8F4B9922BC2F /* [CP] Copy Pods Resources */ = {
			isa = PBXShellScriptBuildPhase;
			buildActionMask = 2147483647;
			files = (
			);
			inputPaths = (
			);
			name = "[CP] Copy Pods Resources";
			outputPaths = (
			);
			runOnlyForDeploymentPostprocessing = 0;
			shellPath = /bin/sh;
			shellScript = "\"${SRCROOT}/Pods/Target Support Files/Pods-MessagesExtension/Pods-MessagesExtension-resources.sh\"\n";
			showEnvVarsInLog = 0;
		};
		C92315A9111A224DDA4FA749 /* [CP] Copy Pods Resources */ = {
			isa = PBXShellScriptBuildPhase;
			buildActionMask = 2147483647;
			files = (
			);
			inputPaths = (
			);
			name = "[CP] Copy Pods Resources";
			outputPaths = (
			);
			runOnlyForDeploymentPostprocessing = 0;
			shellPath = /bin/sh;
			shellScript = "\"${SRCROOT}/Pods/Target Support Files/Pods-PlanIt/Pods-PlanIt-resources.sh\"\n";
			showEnvVarsInLog = 0;
		};
		CF30F99A1876A15A32FDF8C2 /* [CP] Check Pods Manifest.lock */ = {
			isa = PBXShellScriptBuildPhase;
			buildActionMask = 2147483647;
			files = (
			);
			inputPaths = (
			);
			name = "[CP] Check Pods Manifest.lock";
			outputPaths = (
			);
			runOnlyForDeploymentPostprocessing = 0;
			shellPath = /bin/sh;
			shellScript = "diff \"${PODS_ROOT}/../Podfile.lock\" \"${PODS_ROOT}/Manifest.lock\" > /dev/null\nif [ $? != 0 ] ; then\n    # print error to STDERR\n    echo \"error: The sandbox is not in sync with the Podfile.lock. Run 'pod install' or update your CocoaPods installation.\" >&2\n    exit 1\nfi\n";
			showEnvVarsInLog = 0;
		};
/* End PBXShellScriptBuildPhase section */

/* Begin PBXSourcesBuildPhase section */
		A1FF3B571DA5E0B20013B428 /* Sources */ = {
			isa = PBXSourcesBuildPhase;
			buildActionMask = 2147483647;
			files = (
				A108A2661DA8930200A7F3D4 /* CalendarViewController.swift in Sources */,
				A1FF3B641DA5E0B20013B428 /* MessagesViewController.swift in Sources */,
				A18A00211DA8AE2000933337 /* CalendarDayCell.swift in Sources */,
			);
			runOnlyForDeploymentPostprocessing = 0;
		};
/* End PBXSourcesBuildPhase section */

/* Begin PBXTargetDependency section */
		A1FF3B5E1DA5E0B20013B428 /* PBXTargetDependency */ = {
			isa = PBXTargetDependency;
			target = A1FF3B5A1DA5E0B20013B428 /* MessagesExtension */;
			targetProxy = A1FF3B5D1DA5E0B20013B428 /* PBXContainerItemProxy */;
		};
/* End PBXTargetDependency section */

/* Begin PBXVariantGroup section */
		A1FF3B651DA5E0B20013B428 /* MainInterface.storyboard */ = {
			isa = PBXVariantGroup;
			children = (
				A1FF3B661DA5E0B20013B428 /* Base */,
			);
			name = MainInterface.storyboard;
			sourceTree = "<group>";
		};
/* End PBXVariantGroup section */

/* Begin XCBuildConfiguration section */
		A1FF3B6B1DA5E0B20013B428 /* Debug */ = {
			isa = XCBuildConfiguration;
			buildSettings = {
				ALWAYS_SEARCH_USER_PATHS = NO;
				CLANG_ANALYZER_NONNULL = YES;
				CLANG_CXX_LANGUAGE_STANDARD = "gnu++0x";
				CLANG_CXX_LIBRARY = "libc++";
				CLANG_ENABLE_MODULES = YES;
				CLANG_ENABLE_OBJC_ARC = YES;
				CLANG_WARN_BOOL_CONVERSION = YES;
				CLANG_WARN_CONSTANT_CONVERSION = YES;
				CLANG_WARN_DIRECT_OBJC_ISA_USAGE = YES_ERROR;
				CLANG_WARN_DOCUMENTATION_COMMENTS = YES;
				CLANG_WARN_EMPTY_BODY = YES;
				CLANG_WARN_ENUM_CONVERSION = YES;
				CLANG_WARN_INFINITE_RECURSION = YES;
				CLANG_WARN_INT_CONVERSION = YES;
				CLANG_WARN_OBJC_ROOT_CLASS = YES_ERROR;
				CLANG_WARN_SUSPICIOUS_MOVES = YES;
				CLANG_WARN_UNREACHABLE_CODE = YES;
				CLANG_WARN__DUPLICATE_METHOD_MATCH = YES;
				"CODE_SIGN_IDENTITY[sdk=iphoneos*]" = "iPhone Developer";
				COPY_PHASE_STRIP = NO;
				DEBUG_INFORMATION_FORMAT = dwarf;
				ENABLE_STRICT_OBJC_MSGSEND = YES;
				ENABLE_TESTABILITY = YES;
				GCC_C_LANGUAGE_STANDARD = gnu99;
				GCC_DYNAMIC_NO_PIC = NO;
				GCC_NO_COMMON_BLOCKS = YES;
				GCC_OPTIMIZATION_LEVEL = 0;
				GCC_PREPROCESSOR_DEFINITIONS = (
					"DEBUG=1",
					"$(inherited)",
				);
				GCC_WARN_64_TO_32_BIT_CONVERSION = YES;
				GCC_WARN_ABOUT_RETURN_TYPE = YES_ERROR;
				GCC_WARN_UNDECLARED_SELECTOR = YES;
				GCC_WARN_UNINITIALIZED_AUTOS = YES_AGGRESSIVE;
				GCC_WARN_UNUSED_FUNCTION = YES;
				GCC_WARN_UNUSED_VARIABLE = YES;
				IPHONEOS_DEPLOYMENT_TARGET = 10.0;
				MTL_ENABLE_DEBUG_INFO = YES;
				ONLY_ACTIVE_ARCH = YES;
				SDKROOT = iphoneos;
				SWIFT_ACTIVE_COMPILATION_CONDITIONS = DEBUG;
				SWIFT_OPTIMIZATION_LEVEL = "-Onone";
			};
			name = Debug;
		};
		A1FF3B6C1DA5E0B20013B428 /* Release */ = {
			isa = XCBuildConfiguration;
			buildSettings = {
				ALWAYS_SEARCH_USER_PATHS = NO;
				CLANG_ANALYZER_NONNULL = YES;
				CLANG_CXX_LANGUAGE_STANDARD = "gnu++0x";
				CLANG_CXX_LIBRARY = "libc++";
				CLANG_ENABLE_MODULES = YES;
				CLANG_ENABLE_OBJC_ARC = YES;
				CLANG_WARN_BOOL_CONVERSION = YES;
				CLANG_WARN_CONSTANT_CONVERSION = YES;
				CLANG_WARN_DIRECT_OBJC_ISA_USAGE = YES_ERROR;
				CLANG_WARN_DOCUMENTATION_COMMENTS = YES;
				CLANG_WARN_EMPTY_BODY = YES;
				CLANG_WARN_ENUM_CONVERSION = YES;
				CLANG_WARN_INFINITE_RECURSION = YES;
				CLANG_WARN_INT_CONVERSION = YES;
				CLANG_WARN_OBJC_ROOT_CLASS = YES_ERROR;
				CLANG_WARN_SUSPICIOUS_MOVES = YES;
				CLANG_WARN_UNREACHABLE_CODE = YES;
				CLANG_WARN__DUPLICATE_METHOD_MATCH = YES;
				"CODE_SIGN_IDENTITY[sdk=iphoneos*]" = "iPhone Developer";
				COPY_PHASE_STRIP = NO;
				DEBUG_INFORMATION_FORMAT = "dwarf-with-dsym";
				ENABLE_NS_ASSERTIONS = NO;
				ENABLE_STRICT_OBJC_MSGSEND = YES;
				GCC_C_LANGUAGE_STANDARD = gnu99;
				GCC_NO_COMMON_BLOCKS = YES;
				GCC_WARN_64_TO_32_BIT_CONVERSION = YES;
				GCC_WARN_ABOUT_RETURN_TYPE = YES_ERROR;
				GCC_WARN_UNDECLARED_SELECTOR = YES;
				GCC_WARN_UNINITIALIZED_AUTOS = YES_AGGRESSIVE;
				GCC_WARN_UNUSED_FUNCTION = YES;
				GCC_WARN_UNUSED_VARIABLE = YES;
				IPHONEOS_DEPLOYMENT_TARGET = 10.0;
				MTL_ENABLE_DEBUG_INFO = NO;
				SDKROOT = iphoneos;
				SWIFT_OPTIMIZATION_LEVEL = "-Owholemodule";
				VALIDATE_PRODUCT = YES;
			};
			name = Release;
		};
		A1FF3B6E1DA5E0B20013B428 /* Debug */ = {
			isa = XCBuildConfiguration;
			baseConfigurationReference = 8278480FCB25AD365EDFB370 /* Pods-MessagesExtension.debug.xcconfig */;
			buildSettings = {
				ASSETCATALOG_COMPILER_APPICON_NAME = "iMessage App Icon";
				INFOPLIST_FILE = MessagesExtension/Info.plist;
				LD_RUNPATH_SEARCH_PATHS = "$(inherited) @executable_path/Frameworks @executable_path/../../Frameworks";
				PRODUCT_BUNDLE_IDENTIFIER = edu.umich.engin.onetwo.PlanIt.MessagesExtension;
				PRODUCT_NAME = "$(TARGET_NAME)";
				SKIP_INSTALL = YES;
				SWIFT_VERSION = 3.0;
			};
			name = Debug;
		};
		A1FF3B6F1DA5E0B20013B428 /* Release */ = {
			isa = XCBuildConfiguration;
			baseConfigurationReference = CDD6A5967D9F9E8A5E7D2DA6 /* Pods-MessagesExtension.release.xcconfig */;
			buildSettings = {
				ASSETCATALOG_COMPILER_APPICON_NAME = "iMessage App Icon";
				INFOPLIST_FILE = MessagesExtension/Info.plist;
				LD_RUNPATH_SEARCH_PATHS = "$(inherited) @executable_path/Frameworks @executable_path/../../Frameworks";
				PRODUCT_BUNDLE_IDENTIFIER = edu.umich.engin.onetwo.PlanIt.MessagesExtension;
				PRODUCT_NAME = "$(TARGET_NAME)";
				SKIP_INSTALL = YES;
				SWIFT_VERSION = 3.0;
			};
			name = Release;
		};
		A1FF3B721DA5E0B20013B428 /* Debug */ = {
			isa = XCBuildConfiguration;
			baseConfigurationReference = E82AF141C85181CFDF03474B /* Pods-PlanIt.debug.xcconfig */;
			buildSettings = {
				ALWAYS_EMBED_SWIFT_STANDARD_LIBRARIES = YES;
				ASSETCATALOG_COMPILER_APPICON_NAME = AppIcon;
				CLANG_ENABLE_MODULES = YES;
				INFOPLIST_FILE = PlanIt/Info.plist;
				LD_RUNPATH_SEARCH_PATHS = "$(inherited) @executable_path/Frameworks @loader_path/Frameworks";
				PRODUCT_BUNDLE_IDENTIFIER = edu.umich.engin.onetwo.PlanIt;
				PRODUCT_NAME = "$(TARGET_NAME)";
				SWIFT_OBJC_BRIDGING_HEADER = "PlanIt/PlanIt-Bridging-Header.h";
				SWIFT_OPTIMIZATION_LEVEL = "-Onone";
				SWIFT_VERSION = 3.0;
				TARGETED_DEVICE_FAMILY = "1,2";
			};
			name = Debug;
		};
		A1FF3B731DA5E0B20013B428 /* Release */ = {
			isa = XCBuildConfiguration;
			baseConfigurationReference = 13CD11FD2FE492B21E4B4C44 /* Pods-PlanIt.release.xcconfig */;
			buildSettings = {
				ALWAYS_EMBED_SWIFT_STANDARD_LIBRARIES = YES;
				ASSETCATALOG_COMPILER_APPICON_NAME = AppIcon;
				CLANG_ENABLE_MODULES = YES;
				INFOPLIST_FILE = PlanIt/Info.plist;
				LD_RUNPATH_SEARCH_PATHS = "$(inherited) @executable_path/Frameworks @loader_path/Frameworks";
				PRODUCT_BUNDLE_IDENTIFIER = edu.umich.engin.onetwo.PlanIt;
				PRODUCT_NAME = "$(TARGET_NAME)";
				SWIFT_OBJC_BRIDGING_HEADER = "PlanIt/PlanIt-Bridging-Header.h";
				SWIFT_VERSION = 3.0;
				TARGETED_DEVICE_FAMILY = "1,2";
			};
			name = Release;
		};
/* End XCBuildConfiguration section */

/* Begin XCConfigurationList section */
		A1FF3B4E1DA5E0B20013B428 /* Build configuration list for PBXProject "PlanIt" */ = {
			isa = XCConfigurationList;
			buildConfigurations = (
				A1FF3B6B1DA5E0B20013B428 /* Debug */,
				A1FF3B6C1DA5E0B20013B428 /* Release */,
			);
			defaultConfigurationIsVisible = 0;
			defaultConfigurationName = Release;
		};
		A1FF3B6D1DA5E0B20013B428 /* Build configuration list for PBXNativeTarget "MessagesExtension" */ = {
			isa = XCConfigurationList;
			buildConfigurations = (
				A1FF3B6E1DA5E0B20013B428 /* Debug */,
				A1FF3B6F1DA5E0B20013B428 /* Release */,
			);
			defaultConfigurationIsVisible = 0;
			defaultConfigurationName = Release;
		};
		A1FF3B711DA5E0B20013B428 /* Build configuration list for PBXNativeTarget "PlanIt" */ = {
			isa = XCConfigurationList;
			buildConfigurations = (
				A1FF3B721DA5E0B20013B428 /* Debug */,
				A1FF3B731DA5E0B20013B428 /* Release */,
			);
			defaultConfigurationIsVisible = 0;
			defaultConfigurationName = Release;
		};
/* End XCConfigurationList section */
	};
	rootObject = A1FF3B4B1DA5E0B20013B428 /* Project object */;
}
